
Microsoft Visual Studio Solution File, Format Version 12.00
# Visual Studio Version 17
VisualStudioVersion = 17.9.34607.119
MinimumVisualStudioVersion = 10.0.40219.1
Project("{FAE04EC0-301F-11D3-BF4B-00C04F79EFBC}") = "task2", "task2\task2.csproj", "{C0D05492-C3AE-43DB-A9F9-0E850D0872BE}"
EndProject
Global
	GlobalSection(SolutionConfigurationPlatforms) = preSolution
		Debug|Any CPU = Debug|Any CPU
		Release|Any CPU = Release|Any CPU
	EndGlobalSection
	GlobalSection(ProjectConfigurationPlatforms) = postSolution
		{C0D05492-C3AE-43DB-A9F9-0E850D0872BE}.Debug|Any CPU.ActiveCfg = Debug|Any CPU
		{C0D05492-C3AE-43DB-A9F9-0E850D0872BE}.Debug|Any CPU.Build.0 = Debug|Any CPU
		{C0D05492-C3AE-43DB-A9F9-0E850D0872BE}.Release|Any CPU.ActiveCfg = Release|Any CPU
		{C0D05492-C3AE-43DB-A9F9-0E850D0872BE}.Release|Any CPU.Build.0 = Release|Any CPU
	EndGlobalSection
	GlobalSection(SolutionProperties) = preSolution
		HideSolutionNode = FALSE
	EndGlobalSection
	GlobalSection(ExtensibilityGlobals) = postSolution
		SolutionGuid = {2010BB78-07C3-40A0-BDD5-215A4998685F}
	EndGlobalSection
EndGlobal
